
Microsoft Visual Studio Solution File, Format Version 12.00
# Visual Studio 2013
VisualStudioVersion = 12.0.21005.1
MinimumVisualStudioVersion = 10.0.40219.1
Project("{FAE04EC0-301F-11D3-BF4B-00C04F79EFBC}") = "FieldTool.VideoCapture", "VS2013VideoCapture\FieldTool.VideoCapture.csproj", "{4280AC53-A150-4CF8-A10E-E624144B6DFA}"
EndProject
Global
	GlobalSection(TeamFoundationVersionControl) = preSolution
		SccNumberOfProjects = 2
		SccEnterpriseProvider = {4CA58AB2-18FA-4F8D-95D4-32DDF27D184C}
		SccTeamFoundationServer = https://franklinenergy.visualstudio.com/defaultcollection
		SccLocalPath0 = .
		SccProjectUniqueName1 = VS2013VideoCapture\\FieldTool.VideoCapture.csproj
		SccProjectName1 = VS2013VideoCapture
		SccLocalPath1 = VS2013VideoCapture
	EndGlobalSection
	GlobalSection(SolutionConfigurationPlatforms) = preSolution
		Debug|Any CPU = Debug|Any CPU
		Release|Any CPU = Release|Any CPU
	EndGlobalSection
	GlobalSection(ProjectConfigurationPlatforms) = postSolution
		{4280AC53-A150-4CF8-A10E-E624144B6DFA}.Debug|Any CPU.ActiveCfg = Debug|Any CPU
		{4280AC53-A150-4CF8-A10E-E624144B6DFA}.Debug|Any CPU.Build.0 = Debug|Any CPU
		{4280AC53-A150-4CF8-A10E-E624144B6DFA}.Release|Any CPU.ActiveCfg = Release|Any CPU
		{4280AC53-A150-4CF8-A10E-E624144B6DFA}.Release|Any CPU.Build.0 = Release|Any CPU
	EndGlobalSection
	GlobalSection(SolutionProperties) = preSolution
		HideSolutionNode = FALSE
	EndGlobalSection
EndGlobal
